
Microsoft Visual Studio Solution File, Format Version 12.00
# Visual Studio Version 17
VisualStudioVersion = 17.11.35303.130
MinimumVisualStudioVersion = 10.0.40219.1
Project("{FAE04EC0-301F-11D3-BF4B-00C04F79EFBC}") = "MiniETradeMicroservice.ShoppingCarts.WebAPI", "MiniETradeMicroservice.ShoppingCarts.WebAPI.csproj", "{1EB30ADE-3F58-4D10-A220-8CE9196923D5}"
EndProject
Global
	GlobalSection(SolutionConfigurationPlatforms) = preSolution
		Debug|Any CPU = Debug|Any CPU
		Release|Any CPU = Release|Any CPU
	EndGlobalSection
	GlobalSection(ProjectConfigurationPlatforms) = postSolution
		{1EB30ADE-3F58-4D10-A220-8CE9196923D5}.Debug|Any CPU.ActiveCfg = Debug|Any CPU
		{1EB30ADE-3F58-4D10-A220-8CE9196923D5}.Debug|Any CPU.Build.0 = Debug|Any CPU
		{1EB30ADE-3F58-4D10-A220-8CE9196923D5}.Release|Any CPU.ActiveCfg = Release|Any CPU
		{1EB30ADE-3F58-4D10-A220-8CE9196923D5}.Release|Any CPU.Build.0 = Release|Any CPU
	EndGlobalSection
	GlobalSection(SolutionProperties) = preSolution
		HideSolutionNode = FALSE
	EndGlobalSection
	GlobalSection(ExtensibilityGlobals) = postSolution
		SolutionGuid = {A8C50A36-A94B-42AF-95D6-E1C6B8470B14}
	EndGlobalSection
EndGlobal
